// !$*UTF8*$!
{
	archiveVersion = 1;
	classes = {
	};
	objectVersion = 46;
	objects = {

/* Begin PBXBuildFile section */
		42112F251A0AB4010092A316 /* AppDelegate.swift in Sources */ = {isa = PBXBuildFile; fileRef = 42112F241A0AB4010092A316 /* AppDelegate.swift */; };
		42112F271A0AB4010092A316 /* MasterViewController.swift in Sources */ = {isa = PBXBuildFile; fileRef = 42112F261A0AB4010092A316 /* MasterViewController.swift */; };
		42112F2C1A0AB4010092A316 /* Main.storyboard in Resources */ = {isa = PBXBuildFile; fileRef = 42112F2A1A0AB4010092A316 /* Main.storyboard */; };
		42112F2E1A0AB4010092A316 /* Images.xcassets in Resources */ = {isa = PBXBuildFile; fileRef = 42112F2D1A0AB4010092A316 /* Images.xcassets */; };
		42112F311A0AB4010092A316 /* LaunchScreen.xib in Resources */ = {isa = PBXBuildFile; fileRef = 42112F2F1A0AB4010092A316 /* LaunchScreen.xib */; };
		42112F3D1A0AB4010092A316 /* DynamicallyTests.swift in Sources */ = {isa = PBXBuildFile; fileRef = 42112F3C1A0AB4010092A316 /* DynamicallyTests.swift */; };
		426590651A0AB8FD00E896F8 /* EffectGravityViewController.swift in Sources */ = {isa = PBXBuildFile; fileRef = 426590641A0AB8FD00E896F8 /* EffectGravityViewController.swift */; };
		426590671A0AC10600E896F8 /* EffectCollapseViewController.swift in Sources */ = {isa = PBXBuildFile; fileRef = 426590661A0AC10600E896F8 /* EffectCollapseViewController.swift */; };
		426590691A0AC76300E896F8 /* EffectSnapToLocationViewController.swift in Sources */ = {isa = PBXBuildFile; fileRef = 426590681A0AC76300E896F8 /* EffectSnapToLocationViewController.swift */; };
		426BC6391A0ACB700015F3D5 /* EffectSnapToCentreViewController.swift in Sources */ = {isa = PBXBuildFile; fileRef = 426BC6381A0ACB700015F3D5 /* EffectSnapToCentreViewController.swift */; };
		42B97F431A0ACD8A007A1AB8 /* EffectFollowViewController.swift in Sources */ = {isa = PBXBuildFile; fileRef = 42B97F421A0ACD8A007A1AB8 /* EffectFollowViewController.swift */; };
/* End PBXBuildFile section */

/* Begin PBXContainerItemProxy section */
		42112F371A0AB4010092A316 /* PBXContainerItemProxy */ = {
			isa = PBXContainerItemProxy;
			containerPortal = 42112F171A0AB4010092A316 /* Project object */;
			proxyType = 1;
			remoteGlobalIDString = 42112F1E1A0AB4010092A316;
			remoteInfo = Dynamically;
		};
/* End PBXContainerItemProxy section */

/* Begin PBXFileReference section */
		42112F1F1A0AB4010092A316 /* Dynamically.app */ = {isa = PBXFileReference; explicitFileType = wrapper.application; includeInIndex = 0; path = Dynamically.app; sourceTree = BUILT_PRODUCTS_DIR; };
		42112F231A0AB4010092A316 /* Info.plist */ = {isa = PBXFileReference; lastKnownFileType = text.plist.xml; path = Info.plist; sourceTree = "<group>"; };
		42112F241A0AB4010092A316 /* AppDelegate.swift */ = {isa = PBXFileReference; lastKnownFileType = sourcecode.swift; path = AppDelegate.swift; sourceTree = "<group>"; };
		42112F261A0AB4010092A316 /* MasterViewController.swift */ = {isa = PBXFileReference; lastKnownFileType = sourcecode.swift; path = MasterViewController.swift; sourceTree = "<group>"; };
		42112F2B1A0AB4010092A316 /* Base */ = {isa = PBXFileReference; lastKnownFileType = file.storyboard; name = Base; path = Base.lproj/Main.storyboard; sourceTree = "<group>"; };
		42112F2D1A0AB4010092A316 /* Images.xcassets */ = {isa = PBXFileReference; lastKnownFileType = folder.assetcatalog; path = Images.xcassets; sourceTree = "<group>"; };
		42112F301A0AB4010092A316 /* Base */ = {isa = PBXFileReference; lastKnownFileType = file.xib; name = Base; path = Base.lproj/LaunchScreen.xib; sourceTree = "<group>"; };
		42112F361A0AB4010092A316 /* DynamicallyTests.xctest */ = {isa = PBXFileReference; explicitFileType = wrapper.cfbundle; includeInIndex = 0; path = DynamicallyTests.xctest; sourceTree = BUILT_PRODUCTS_DIR; };
		42112F3B1A0AB4010092A316 /* Info.plist */ = {isa = PBXFileReference; lastKnownFileType = text.plist.xml; path = Info.plist; sourceTree = "<group>"; };
		42112F3C1A0AB4010092A316 /* DynamicallyTests.swift */ = {isa = PBXFileReference; lastKnownFileType = sourcecode.swift; path = DynamicallyTests.swift; sourceTree = "<group>"; };
		426590641A0AB8FD00E896F8 /* EffectGravityViewController.swift */ = {isa = PBXFileReference; fileEncoding = 4; lastKnownFileType = sourcecode.swift; path = EffectGravityViewController.swift; sourceTree = "<group>"; };
		426590661A0AC10600E896F8 /* EffectCollapseViewController.swift */ = {isa = PBXFileReference; fileEncoding = 4; lastKnownFileType = sourcecode.swift; path = EffectCollapseViewController.swift; sourceTree = "<group>"; };
		426590681A0AC76300E896F8 /* EffectSnapToLocationViewController.swift */ = {isa = PBXFileReference; fileEncoding = 4; lastKnownFileType = sourcecode.swift; path = EffectSnapToLocationViewController.swift; sourceTree = "<group>"; };
		426BC6381A0ACB700015F3D5 /* EffectSnapToCentreViewController.swift */ = {isa = PBXFileReference; fileEncoding = 4; lastKnownFileType = sourcecode.swift; path = EffectSnapToCentreViewController.swift; sourceTree = "<group>"; };
		42B97F421A0ACD8A007A1AB8 /* EffectFollowViewController.swift */ = {isa = PBXFileReference; fileEncoding = 4; lastKnownFileType = sourcecode.swift; path = EffectFollowViewController.swift; sourceTree = "<group>"; };
/* End PBXFileReference section */

/* Begin PBXFrameworksBuildPhase section */
		42112F1C1A0AB4010092A316 /* Frameworks */ = {
			isa = PBXFrameworksBuildPhase;
			buildActionMask = 2147483647;
			files = (
			);
			runOnlyForDeploymentPostprocessing = 0;
		};
		42112F331A0AB4010092A316 /* Frameworks */ = {
			isa = PBXFrameworksBuildPhase;
			buildActionMask = 2147483647;
			files = (
			);
			runOnlyForDeploymentPostprocessing = 0;
		};
/* End PBXFrameworksBuildPhase section */

/* Begin PBXGroup section */
		42112F161A0AB4010092A316 = {
			isa = PBXGroup;
			children = (
				42112F211A0AB4010092A316 /* Dynamically */,
				42112F391A0AB4010092A316 /* DynamicallyTests */,
				42112F201A0AB4010092A316 /* Products */,
			);
			sourceTree = "<group>";
		};
		42112F201A0AB4010092A316 /* Products */ = {
			isa = PBXGroup;
			children = (
				42112F1F1A0AB4010092A316 /* Dynamically.app */,
				42112F361A0AB4010092A316 /* DynamicallyTests.xctest */,
			);
			name = Products;
			sourceTree = "<group>";
		};
		42112F211A0AB4010092A316 /* Dynamically */ = {
			isa = PBXGroup;
			children = (
				42112F241A0AB4010092A316 /* AppDelegate.swift */,
				42112F261A0AB4010092A316 /* MasterViewController.swift */,
				426590641A0AB8FD00E896F8 /* EffectGravityViewController.swift */,
				426590661A0AC10600E896F8 /* EffectCollapseViewController.swift */,
				426590681A0AC76300E896F8 /* EffectSnapToLocationViewController.swift */,
				426BC6381A0ACB700015F3D5 /* EffectSnapToCentreViewController.swift */,
				42B97F421A0ACD8A007A1AB8 /* EffectFollowViewController.swift */,
				42112F2A1A0AB4010092A316 /* Main.storyboard */,
				42112F2D1A0AB4010092A316 /* Images.xcassets */,
				42112F2F1A0AB4010092A316 /* LaunchScreen.xib */,
				42112F221A0AB4010092A316 /* Supporting Files */,
			);
			path = Dynamically;
			sourceTree = "<group>";
		};
		42112F221A0AB4010092A316 /* Supporting Files */ = {
			isa = PBXGroup;
			children = (
				42112F231A0AB4010092A316 /* Info.plist */,
			);
			name = "Supporting Files";
			sourceTree = "<group>";
		};
		42112F391A0AB4010092A316 /* DynamicallyTests */ = {
			isa = PBXGroup;
			children = (
				42112F3C1A0AB4010092A316 /* DynamicallyTests.swift */,
				42112F3A1A0AB4010092A316 /* Supporting Files */,
			);
			path = DynamicallyTests;
			sourceTree = "<group>";
		};
		42112F3A1A0AB4010092A316 /* Supporting Files */ = {
			isa = PBXGroup;
			children = (
				42112F3B1A0AB4010092A316 /* Info.plist */,
			);
			name = "Supporting Files";
			sourceTree = "<group>";
		};
/* End PBXGroup section */

/* Begin PBXNativeTarget section */
		42112F1E1A0AB4010092A316 /* Dynamically */ = {
			isa = PBXNativeTarget;
			buildConfigurationList = 42112F401A0AB4010092A316 /* Build configuration list for PBXNativeTarget "Dynamically" */;
			buildPhases = (
				42112F1B1A0AB4010092A316 /* Sources */,
				42112F1C1A0AB4010092A316 /* Frameworks */,
				42112F1D1A0AB4010092A316 /* Resources */,
			);
			buildRules = (
			);
			dependencies = (
			);
			name = Dynamically;
			productName = Dynamically;
			productReference = 42112F1F1A0AB4010092A316 /* Dynamically.app */;
			productType = "com.apple.product-type.application";
		};
		42112F351A0AB4010092A316 /* DynamicallyTests */ = {
			isa = PBXNativeTarget;
			buildConfigurationList = 42112F431A0AB4010092A316 /* Build configuration list for PBXNativeTarget "DynamicallyTests" */;
			buildPhases = (
				42112F321A0AB4010092A316 /* Sources */,
				42112F331A0AB4010092A316 /* Frameworks */,
				42112F341A0AB4010092A316 /* Resources */,
			);
			buildRules = (
			);
			dependencies = (
				42112F381A0AB4010092A316 /* PBXTargetDependency */,
			);
			name = DynamicallyTests;
			productName = DynamicallyTests;
			productReference = 42112F361A0AB4010092A316 /* DynamicallyTests.xctest */;
			productType = "com.apple.product-type.bundle.unit-test";
		};
/* End PBXNativeTarget section */

/* Begin PBXProject section */
		42112F171A0AB4010092A316 /* Project object */ = {
			isa = PBXProject;
			attributes = {
				LastUpgradeCheck = 0610;
				ORGANIZATIONNAME = "notjosh, inc";
				TargetAttributes = {
					42112F1E1A0AB4010092A316 = {
						CreatedOnToolsVersion = 6.1;
					};
					42112F351A0AB4010092A316 = {
						CreatedOnToolsVersion = 6.1;
						TestTargetID = 42112F1E1A0AB4010092A316;
					};
				};
			};
			buildConfigurationList = 42112F1A1A0AB4010092A316 /* Build configuration list for PBXProject "Dynamically" */;
			compatibilityVersion = "Xcode 3.2";
			developmentRegion = English;
			hasScannedForEncodings = 0;
			knownRegions = (
				en,
				Base,
			);
			mainGroup = 42112F161A0AB4010092A316;
			productRefGroup = 42112F201A0AB4010092A316 /* Products */;
			projectDirPath = "";
			projectRoot = "";
			targets = (
				42112F1E1A0AB4010092A316 /* Dynamically */,
				42112F351A0AB4010092A316 /* DynamicallyTests */,
			);
		};
/* End PBXProject section */

/* Begin PBXResourcesBuildPhase section */
		42112F1D1A0AB4010092A316 /* Resources */ = {
			isa = PBXResourcesBuildPhase;
			buildActionMask = 2147483647;
			files = (
				42112F2C1A0AB4010092A316 /* Main.storyboard in Resources */,
				42112F311A0AB4010092A316 /* LaunchScreen.xib in Resources */,
				42112F2E1A0AB4010092A316 /* Images.xcassets in Resources */,
			);
			runOnlyForDeploymentPostprocessing = 0;
		};
		42112F341A0AB4010092A316 /* Resources */ = {
			isa = PBXResourcesBuildPhase;
			buildActionMask = 2147483647;
			files = (
			);
			runOnlyForDeploymentPostprocessing = 0;
		};
/* End PBXResourcesBuildPhase section */

/* Begin PBXSourcesBuildPhase section */
		42112F1B1A0AB4010092A316 /* Sources */ = {
			isa = PBXSourcesBuildPhase;
			buildActionMask = 2147483647;
			files = (
				426590671A0AC10600E896F8 /* EffectCollapseViewController.swift in Sources */,
				426590651A0AB8FD00E896F8 /* EffectGravityViewController.swift in Sources */,
				42B97F431A0ACD8A007A1AB8 /* EffectFollowViewController.swift in Sources */,
				426590691A0AC76300E896F8 /* EffectSnapToLocationViewController.swift in Sources */,
				426BC6391A0ACB700015F3D5 /* EffectSnapToCentreViewController.swift in Sources */,
				42112F271A0AB4010092A316 /* MasterViewController.swift in Sources */,
				42112F251A0AB4010092A316 /* AppDelegate.swift in Sources */,
			);
			runOnlyForDeploymentPostprocessing = 0;
		};
		42112F321A0AB4010092A316 /* Sources */ = {
			isa = PBXSourcesBuildPhase;
			buildActionMask = 2147483647;
			files = (
				42112F3D1A0AB4010092A316 /* DynamicallyTests.swift in Sources */,
			);
			runOnlyForDeploymentPostprocessing = 0;
		};
/* End PBXSourcesBuildPhase section */

/* Begin PBXTargetDependency section */
		42112F381A0AB4010092A316 /* PBXTargetDependency */ = {
			isa = PBXTargetDependency;
			target = 42112F1E1A0AB4010092A316 /* Dynamically */;
			targetProxy = 42112F371A0AB4010092A316 /* PBXContainerItemProxy */;
		};
/* End PBXTargetDependency section */

/* Begin PBXVariantGroup section */
		42112F2A1A0AB4010092A316 /* Main.storyboard */ = {
			isa = PBXVariantGroup;
			children = (
				42112F2B1A0AB4010092A316 /* Base */,
			);
			name = Main.storyboard;
			sourceTree = "<group>";
		};
		42112F2F1A0AB4010092A316 /* LaunchScreen.xib */ = {
			isa = PBXVariantGroup;
			children = (
				42112F301A0AB4010092A316 /* Base */,
			);
			name = LaunchScreen.xib;
			sourceTree = "<group>";
		};
/* End PBXVariantGroup section */

/* Begin XCBuildConfiguration section */
		42112F3E1A0AB4010092A316 /* Debug */ = {
			isa = XCBuildConfiguration;
			buildSettings = {
				ALWAYS_SEARCH_USER_PATHS = NO;
				CLANG_CXX_LANGUAGE_STANDARD = "gnu++0x";
				CLANG_CXX_LIBRARY = "libc++";
				CLANG_ENABLE_MODULES = YES;
				CLANG_ENABLE_OBJC_ARC = YES;
				CLANG_WARN_BOOL_CONVERSION = YES;
				CLANG_WARN_CONSTANT_CONVERSION = YES;
				CLANG_WARN_DIRECT_OBJC_ISA_USAGE = YES_ERROR;
				CLANG_WARN_EMPTY_BODY = YES;
				CLANG_WARN_ENUM_CONVERSION = YES;
				CLANG_WARN_INT_CONVERSION = YES;
				CLANG_WARN_OBJC_ROOT_CLASS = YES_ERROR;
				CLANG_WARN_UNREACHABLE_CODE = YES;
				CLANG_WARN__DUPLICATE_METHOD_MATCH = YES;
				"CODE_SIGN_IDENTITY[sdk=iphoneos*]" = "iPhone Developer";
				COPY_PHASE_STRIP = NO;
				ENABLE_STRICT_OBJC_MSGSEND = YES;
				GCC_C_LANGUAGE_STANDARD = gnu99;
				GCC_DYNAMIC_NO_PIC = NO;
				GCC_OPTIMIZATION_LEVEL = 0;
				GCC_PREPROCESSOR_DEFINITIONS = (
					"DEBUG=1",
					"$(inherited)",
				);
				GCC_SYMBOLS_PRIVATE_EXTERN = NO;
				GCC_WARN_64_TO_32_BIT_CONVERSION = YES;
				GCC_WARN_ABOUT_RETURN_TYPE = YES_ERROR;
				GCC_WARN_UNDECLARED_SELECTOR = YES;
				GCC_WARN_UNINITIALIZED_AUTOS = YES_AGGRESSIVE;
				GCC_WARN_UNUSED_FUNCTION = YES;
				GCC_WARN_UNUSED_VARIABLE = YES;
				IPHONEOS_DEPLOYMENT_TARGET = 8.1;
				MTL_ENABLE_DEBUG_INFO = YES;
				ONLY_ACTIVE_ARCH = YES;
				SDKROOT = iphoneos;
				SWIFT_OPTIMIZATION_LEVEL = "-Onone";
			};
			name = Debug;
		};
		42112F3F1A0AB4010092A316 /* Release */ = {
			isa = XCBuildConfiguration;
			buildSettings = {
				ALWAYS_SEARCH_USER_PATHS = NO;
				CLANG_CXX_LANGUAGE_STANDARD = "gnu++0x";
				CLANG_CXX_LIBRARY = "libc++";
				CLANG_ENABLE_MODULES = YES;
				CLANG_ENABLE_OBJC_ARC = YES;
				CLANG_WARN_BOOL_CONVERSION = YES;
				CLANG_WARN_CONSTANT_CONVERSION = YES;
				CLANG_WARN_DIRECT_OBJC_ISA_USAGE = YES_ERROR;
				CLANG_WARN_EMPTY_BODY = YES;
				CLANG_WARN_ENUM_CONVERSION = YES;
				CLANG_WARN_INT_CONVERSION = YES;
				CLANG_WARN_OBJC_ROOT_CLASS = YES_ERROR;
				CLANG_WARN_UNREACHABLE_CODE = YES;
				CLANG_WARN__DUPLICATE_METHOD_MATCH = YES;
				"CODE_SIGN_IDENTITY[sdk=iphoneos*]" = "iPhone Developer";
				COPY_PHASE_STRIP = YES;
				ENABLE_NS_ASSERTIONS = NO;
				ENABLE_STRICT_OBJC_MSGSEND = YES;
				GCC_C_LANGUAGE_STANDARD = gnu99;
				GCC_WARN_64_TO_32_BIT_CONVERSION = YES;
				GCC_WARN_ABOUT_RETURN_TYPE = YES_ERROR;
				GCC_WARN_UNDECLARED_SELECTOR = YES;
				GCC_WARN_UNINITIALIZED_AUTOS = YES_AGGRESSIVE;
				GCC_WARN_UNUSED_FUNCTION = YES;
				GCC_WARN_UNUSED_VARIABLE = YES;
				IPHONEOS_DEPLOYMENT_TARGET = 8.1;
				MTL_ENABLE_DEBUG_INFO = NO;
				SDKROOT = iphoneos;
				VALIDATE_PRODUCT = YES;
			};
			name = Release;
		};
		42112F411A0AB4010092A316 /* Debug */ = {
			isa = XCBuildConfiguration;
			buildSettings = {
				ASSETCATALOG_COMPILER_APPICON_NAME = AppIcon;
				INFOPLIST_FILE = Dynamically/Info.plist;
				LD_RUNPATH_SEARCH_PATHS = "$(inherited) @executable_path/Frameworks";
				PRODUCT_NAME = "$(TARGET_NAME)";
			};
			name = Debug;
		};
		42112F421A0AB4010092A316 /* Release */ = {
			isa = XCBuildConfiguration;
			buildSettings = {
				ASSETCATALOG_COMPILER_APPICON_NAME = AppIcon;
				INFOPLIST_FILE = Dynamically/Info.plist;
				LD_RUNPATH_SEARCH_PATHS = "$(inherited) @executable_path/Frameworks";
				PRODUCT_NAME = "$(TARGET_NAME)";
			};
			name = Release;
		};
		42112F441A0AB4010092A316 /* Debug */ = {
			isa = XCBuildConfiguration;
			buildSettings = {
				BUNDLE_LOADER = "$(TEST_HOST)";
				FRAMEWORK_SEARCH_PATHS = (
					"$(SDKROOT)/Developer/Library/Frameworks",
					"$(inherited)",
				);
				GCC_PREPROCESSOR_DEFINITIONS = (
					"DEBUG=1",
					"$(inherited)",
				);
				INFOPLIST_FILE = DynamicallyTests/Info.plist;
				LD_RUNPATH_SEARCH_PATHS = "$(inherited) @executable_path/Frameworks @loader_path/Frameworks";
				PRODUCT_NAME = "$(TARGET_NAME)";
				TEST_HOST = "$(BUILT_PRODUCTS_DIR)/Dynamically.app/Dynamically";
			};
			name = Debug;
		};
		42112F451A0AB4010092A316 /* Release */ = {
			isa = XCBuildConfiguration;
			buildSettings = {
				BUNDLE_LOADER = "$(TEST_HOST)";
				FRAMEWORK_SEARCH_PATHS = (
					"$(SDKROOT)/Developer/Library/Frameworks",
					"$(inherited)",
				);
				INFOPLIST_FILE = DynamicallyTests/Info.plist;
				LD_RUNPATH_SEARCH_PATHS = "$(inherited) @executable_path/Frameworks @loader_path/Frameworks";
				PRODUCT_NAME = "$(TARGET_NAME)";
				TEST_HOST = "$(BUILT_PRODUCTS_DIR)/Dynamically.app/Dynamically";
			};
			name = Release;
		};
/* End XCBuildConfiguration section */

/* Begin XCConfigurationList section */
		42112F1A1A0AB4010092A316 /* Build configuration list for PBXProject "Dynamically" */ = {
			isa = XCConfigurationList;
			buildConfigurations = (
				42112F3E1A0AB4010092A316 /* Debug */,
				42112F3F1A0AB4010092A316 /* Release */,
			);
			defaultConfigurationIsVisible = 0;
			defaultConfigurationName = Release;
		};
		42112F401A0AB4010092A316 /* Build configuration list for PBXNativeTarget "Dynamically" */ = {
			isa = XCConfigurationList;
			buildConfigurations = (
				42112F411A0AB4010092A316 /* Debug */,
				42112F421A0AB4010092A316 /* Release */,
			);
			defaultConfigurationIsVisible = 0;
			defaultConfigurationName = Release;
		};
		42112F431A0AB4010092A316 /* Build configuration list for PBXNativeTarget "DynamicallyTests" */ = {
			isa = XCConfigurationList;
			buildConfigurations = (
				42112F441A0AB4010092A316 /* Debug */,
				42112F451A0AB4010092A316 /* Release */,
			);
			defaultConfigurationIsVisible = 0;
			defaultConfigurationName = Release;
		};
/* End XCConfigurationList section */
	};
	rootObject = 42112F171A0AB4010092A316 /* Project object */;
}
